// !$*UTF8*$!
{
	archiveVersion = 1;
	classes = {
	};
	objectVersion = 77;
	objects = {

/* Begin PBXContainerItemProxy section */
		8E68D7B02DC2E16100A3CF81 /* PBXContainerItemProxy */ = {
			isa = PBXContainerItemProxy;
			containerPortal = 8E68D79A2DC2E16000A3CF81 /* Project object */;
			proxyType = 1;
			remoteGlobalIDString = 8E68D7A12DC2E16000A3CF81;
			remoteInfo = Cortisol;
		};
		8E68D7BA2DC2E16100A3CF81 /* PBXContainerItemProxy */ = {
			isa = PBXContainerItemProxy;
			containerPortal = 8E68D79A2DC2E16000A3CF81 /* Project object */;
			proxyType = 1;
			remoteGlobalIDString = 8E68D7A12DC2E16000A3CF81;
			remoteInfo = Cortisol;
		};
/* End PBXContainerItemProxy section */

/* Begin PBXFileReference section */
		8E68D7A22DC2E16000A3CF81 /* Cortisol.app */ = {isa = PBXFileReference; explicitFileType = wrapper.application; includeInIndex = 0; path = Cortisol.app; sourceTree = BUILT_PRODUCTS_DIR; };
		8E68D7AF2DC2E16100A3CF81 /* CortisolTests.xctest */ = {isa = PBXFileReference; explicitFileType = wrapper.cfbundle; includeInIndex = 0; path = CortisolTests.xctest; sourceTree = BUILT_PRODUCTS_DIR; };
		8E68D7B92DC2E16100A3CF81 /* CortisolUITests.xctest */ = {isa = PBXFileReference; explicitFileType = wrapper.cfbundle; includeInIndex = 0; path = CortisolUITests.xctest; sourceTree = BUILT_PRODUCTS_DIR; };
/* End PBXFileReference section */

/* Begin PBXFileSystemSynchronizedRootGroup section */
		8E68D7A42DC2E16000A3CF81 /* Cortisol */ = {
			isa = PBXFileSystemSynchronizedRootGroup;
			path = Cortisol;
			sourceTree = "<group>";
		};
		8E68D7B22DC2E16100A3CF81 /* CortisolTests */ = {
			isa = PBXFileSystemSynchronizedRootGroup;
			path = CortisolTests;
			sourceTree = "<group>";
		};
		8E68D7BC2DC2E16100A3CF81 /* CortisolUITests */ = {
			isa = PBXFileSystemSynchronizedRootGroup;
			path = CortisolUITests;
			sourceTree = "<group>";
		};
/* End PBXFileSystemSynchronizedRootGroup section */

/* Begin PBXFrameworksBuildPhase section */
		8E68D79F2DC2E16000A3CF81 /* Frameworks */ = {
			isa = PBXFrameworksBuildPhase;
			buildActionMask = 2147483647;
			files = (
			);
			runOnlyForDeploymentPostprocessing = 0;
		};
		8E68D7AC2DC2E16100A3CF81 /* Frameworks */ = {
			isa = PBXFrameworksBuildPhase;
			buildActionMask = 2147483647;
			files = (
			);
			runOnlyForDeploymentPostprocessing = 0;
		};
		8E68D7B62DC2E16100A3CF81 /* Frameworks */ = {
			isa = PBXFrameworksBuildPhase;
			buildActionMask = 2147483647;
			files = (
			);
			runOnlyForDeploymentPostprocessing = 0;
		};
/* End PBXFrameworksBuildPhase section */

/* Begin PBXGroup section */
		8E68D7992DC2E16000A3CF81 = {
			isa = PBXGroup;
			children = (
				8E68D7A42DC2E16000A3CF81 /* Cortisol */,
				8E68D7B22DC2E16100A3CF81 /* CortisolTests */,
				8E68D7BC2DC2E16100A3CF81 /* CortisolUITests */,
				8E68D7A32DC2E16000A3CF81 /* Products */,
			);
			sourceTree = "<group>";
		};
		8E68D7A32DC2E16000A3CF81 /* Products */ = {
			isa = PBXGroup;
			children = (
				8E68D7A22DC2E16000A3CF81 /* Cortisol.app */,
				8E68D7AF2DC2E16100A3CF81 /* CortisolTests.xctest */,
				8E68D7B92DC2E16100A3CF81 /* CortisolUITests.xctest */,
			);
			name = Products;
			sourceTree = "<group>";
		};
/* End PBXGroup section */

/* Begin PBXNativeTarget section */
		8E68D7A12DC2E16000A3CF81 /* Cortisol */ = {
			isa = PBXNativeTarget;
			buildConfigurationList = 8E68D7C32DC2E16100A3CF81 /* Build configuration list for PBXNativeTarget "Cortisol" */;
			buildPhases = (
				8E68D79E2DC2E16000A3CF81 /* Sources */,
				8E68D79F2DC2E16000A3CF81 /* Frameworks */,
				8E68D7A02DC2E16000A3CF81 /* Resources */,
			);
			buildRules = (
			);
			dependencies = (
			);
			fileSystemSynchronizedGroups = (
				8E68D7A42DC2E16000A3CF81 /* Cortisol */,
			);
			name = Cortisol;
			packageProductDependencies = (
			);
			productName = Cortisol;
			productReference = 8E68D7A22DC2E16000A3CF81 /* Cortisol.app */;
			productType = "com.apple.product-type.application";
		};
		8E68D7AE2DC2E16100A3CF81 /* CortisolTests */ = {
			isa = PBXNativeTarget;
			buildConfigurationList = 8E68D7C62DC2E16100A3CF81 /* Build configuration list for PBXNativeTarget "CortisolTests" */;
			buildPhases = (
				8E68D7AB2DC2E16100A3CF81 /* Sources */,
				8E68D7AC2DC2E16100A3CF81 /* Frameworks */,
				8E68D7AD2DC2E16100A3CF81 /* Resources */,
			);
			buildRules = (
			);
			dependencies = (
				8E68D7B12DC2E16100A3CF81 /* PBXTargetDependency */,
			);
			fileSystemSynchronizedGroups = (
				8E68D7B22DC2E16100A3CF81 /* CortisolTests */,
			);
			name = CortisolTests;
			packageProductDependencies = (
			);
			productName = CortisolTests;
			productReference = 8E68D7AF2DC2E16100A3CF81 /* CortisolTests.xctest */;
			productType = "com.apple.product-type.bundle.unit-test";
		};
		8E68D7B82DC2E16100A3CF81 /* CortisolUITests */ = {
			isa = PBXNativeTarget;
			buildConfigurationList = 8E68D7C92DC2E16100A3CF81 /* Build configuration list for PBXNativeTarget "CortisolUITests" */;
			buildPhases = (
				8E68D7B52DC2E16100A3CF81 /* Sources */,
				8E68D7B62DC2E16100A3CF81 /* Frameworks */,
				8E68D7B72DC2E16100A3CF81 /* Resources */,
			);
			buildRules = (
			);
			dependencies = (
				8E68D7BB2DC2E16100A3CF81 /* PBXTargetDependency */,
			);
			fileSystemSynchronizedGroups = (
				8E68D7BC2DC2E16100A3CF81 /* CortisolUITests */,
			);
			name = CortisolUITests;
			packageProductDependencies = (
			);
			productName = CortisolUITests;
			productReference = 8E68D7B92DC2E16100A3CF81 /* CortisolUITests.xctest */;
			productType = "com.apple.product-type.bundle.ui-testing";
		};
/* End PBXNativeTarget section */

/* Begin PBXProject section */
		8E68D79A2DC2E16000A3CF81 /* Project object */ = {
			isa = PBXProject;
			attributes = {
				BuildIndependentTargetsInParallel = 1;
				LastSwiftUpdateCheck = 1630;
				LastUpgradeCheck = 1630;
				TargetAttributes = {
					8E68D7A12DC2E16000A3CF81 = {
						CreatedOnToolsVersion = 16.3;
					};
					8E68D7AE2DC2E16100A3CF81 = {
						CreatedOnToolsVersion = 16.3;
						TestTargetID = 8E68D7A12DC2E16000A3CF81;
					};
					8E68D7B82DC2E16100A3CF81 = {
						CreatedOnToolsVersion = 16.3;
						TestTargetID = 8E68D7A12DC2E16000A3CF81;
					};
				};
			};
			buildConfigurationList = 8E68D79D2DC2E16000A3CF81 /* Build configuration list for PBXProject "Cortisol" */;
			developmentRegion = en;
			hasScannedForEncodings = 0;
			knownRegions = (
				en,
				Base,
			);
			mainGroup = 8E68D7992DC2E16000A3CF81;
			minimizedProjectReferenceProxies = 1;
			preferredProjectObjectVersion = 77;
			productRefGroup = 8E68D7A32DC2E16000A3CF81 /* Products */;
			projectDirPath = "";
			projectRoot = "";
			targets = (
				8E68D7A12DC2E16000A3CF81 /* Cortisol */,
				8E68D7AE2DC2E16100A3CF81 /* CortisolTests */,
				8E68D7B82DC2E16100A3CF81 /* CortisolUITests */,
			);
		};
/* End PBXProject section */

/* Begin PBXResourcesBuildPhase section */
		8E68D7A02DC2E16000A3CF81 /* Resources */ = {
			isa = PBXResourcesBuildPhase;
			buildActionMask = 2147483647;
			files = (
			);
			runOnlyForDeploymentPostprocessing = 0;
		};
		8E68D7AD2DC2E16100A3CF81 /* Resources */ = {
			isa = PBXResourcesBuildPhase;
			buildActionMask = 2147483647;
			files = (
			);
			runOnlyForDeploymentPostprocessing = 0;
		};
		8E68D7B72DC2E16100A3CF81 /* Resources */ = {
			isa = PBXResourcesBuildPhase;
			buildActionMask = 2147483647;
			files = (
			);
			runOnlyForDeploymentPostprocessing = 0;
		};
/* End PBXResourcesBuildPhase section */

/* Begin PBXSourcesBuildPhase section */
		8E68D79E2DC2E16000A3CF81 /* Sources */ = {
			isa = PBXSourcesBuildPhase;
			buildActionMask = 2147483647;
			files = (
			);
			runOnlyForDeploymentPostprocessing = 0;
		};
		8E68D7AB2DC2E16100A3CF81 /* Sources */ = {
			isa = PBXSourcesBuildPhase;
			buildActionMask = 2147483647;
			files = (
			);
			runOnlyForDeploymentPostprocessing = 0;
		};
		8E68D7B52DC2E16100A3CF81 /* Sources */ = {
			isa = PBXSourcesBuildPhase;
			buildActionMask = 2147483647;
			files = (
			);
			runOnlyForDeploymentPostprocessing = 0;
		};
/* End PBXSourcesBuildPhase section */

/* Begin PBXTargetDependency section */
		8E68D7B12DC2E16100A3CF81 /* PBXTargetDependency */ = {
			isa = PBXTargetDependency;
			target = 8E68D7A12DC2E16000A3CF81 /* Cortisol */;
			targetProxy = 8E68D7B02DC2E16100A3CF81 /* PBXContainerItemProxy */;
		};
		8E68D7BB2DC2E16100A3CF81 /* PBXTargetDependency */ = {
			isa = PBXTargetDependency;
			target = 8E68D7A12DC2E16000A3CF81 /* Cortisol */;
			targetProxy = 8E68D7BA2DC2E16100A3CF81 /* PBXContainerItemProxy */;
		};
/* End PBXTargetDependency section */

/* Begin XCBuildConfiguration section */
		8E68D7C12DC2E16100A3CF81 /* Debug */ = {
			isa = XCBuildConfiguration;
			buildSettings = {
				ALWAYS_SEARCH_USER_PATHS = NO;
				ASSETCATALOG_COMPILER_GENERATE_SWIFT_ASSET_SYMBOL_EXTENSIONS = YES;
				CLANG_ANALYZER_NONNULL = YES;
				CLANG_ANALYZER_NUMBER_OBJECT_CONVERSION = YES_AGGRESSIVE;
				CLANG_CXX_LANGUAGE_STANDARD = "gnu++20";
				CLANG_ENABLE_MODULES = YES;
				CLANG_ENABLE_OBJC_ARC = YES;
				CLANG_ENABLE_OBJC_WEAK = YES;
				CLANG_WARN_BLOCK_CAPTURE_AUTORELEASING = YES;
				CLANG_WARN_BOOL_CONVERSION = YES;
				CLANG_WARN_COMMA = YES;
				CLANG_WARN_CONSTANT_CONVERSION = YES;
				CLANG_WARN_DEPRECATED_OBJC_IMPLEMENTATIONS = YES;
				CLANG_WARN_DIRECT_OBJC_ISA_USAGE = YES_ERROR;
				CLANG_WARN_DOCUMENTATION_COMMENTS = YES;
				CLANG_WARN_EMPTY_BODY = YES;
				CLANG_WARN_ENUM_CONVERSION = YES;
				CLANG_WARN_INFINITE_RECURSION = YES;
				CLANG_WARN_INT_CONVERSION = YES;
				CLANG_WARN_NON_LITERAL_NULL_CONVERSION = YES;
				CLANG_WARN_OBJC_IMPLICIT_RETAIN_SELF = YES;
				CLANG_WARN_OBJC_LITERAL_CONVERSION = YES;
				CLANG_WARN_OBJC_ROOT_CLASS = YES_ERROR;
				CLANG_WARN_QUOTED_INCLUDE_IN_FRAMEWORK_HEADER = YES;
				CLANG_WARN_RANGE_LOOP_ANALYSIS = YES;
				CLANG_WARN_STRICT_PROTOTYPES = YES;
				CLANG_WARN_SUSPICIOUS_MOVE = YES;
				CLANG_WARN_UNGUARDED_AVAILABILITY = YES_AGGRESSIVE;
				CLANG_WARN_UNREACHABLE_CODE = YES;
				CLANG_WARN__DUPLICATE_METHOD_MATCH = YES;
				COPY_PHASE_STRIP = NO;
				DEBUG_INFORMATION_FORMAT = dwarf;
				DEVELOPMENT_TEAM = 4R7WHTN2N8;
				ENABLE_STRICT_OBJC_MSGSEND = YES;
				ENABLE_TESTABILITY = YES;
				ENABLE_USER_SCRIPT_SANDBOXING = YES;
				GCC_C_LANGUAGE_STANDARD = gnu17;
				GCC_DYNAMIC_NO_PIC = NO;
				GCC_NO_COMMON_BLOCKS = YES;
				GCC_OPTIMIZATION_LEVEL = 0;
				GCC_PREPROCESSOR_DEFINITIONS = (
					"DEBUG=1",
					"$(inherited)",
				);
				GCC_WARN_64_TO_32_BIT_CONVERSION = YES;
				GCC_WARN_ABOUT_RETURN_TYPE = YES_ERROR;
				GCC_WARN_UNDECLARED_SELECTOR = YES;
				GCC_WARN_UNINITIALIZED_AUTOS = YES_AGGRESSIVE;
				GCC_WARN_UNUSED_FUNCTION = YES;
				GCC_WARN_UNUSED_VARIABLE = YES;
				IPHONEOS_DEPLOYMENT_TARGET = 18.4;
				LOCALIZATION_PREFERS_STRING_CATALOGS = YES;
				MTL_ENABLE_DEBUG_INFO = INCLUDE_SOURCE;
				MTL_FAST_MATH = YES;
				ONLY_ACTIVE_ARCH = YES;
				SDKROOT = iphoneos;
				SWIFT_ACTIVE_COMPILATION_CONDITIONS = "DEBUG $(inherited)";
				SWIFT_OPTIMIZATION_LEVEL = "-Onone";
			};
			name = Debug;
		};
		8E68D7C22DC2E16100A3CF81 /* Release */ = {
			isa = XCBuildConfiguration;
			buildSettings = {
				ALWAYS_SEARCH_USER_PATHS = NO;
				ASSETCATALOG_COMPILER_GENERATE_SWIFT_ASSET_SYMBOL_EXTENSIONS = YES;
				CLANG_ANALYZER_NONNULL = YES;
				CLANG_ANALYZER_NUMBER_OBJECT_CONVERSION = YES_AGGRESSIVE;
				CLANG_CXX_LANGUAGE_STANDARD = "gnu++20";
				CLANG_ENABLE_MODULES = YES;
				CLANG_ENABLE_OBJC_ARC = YES;
				CLANG_ENABLE_OBJC_WEAK = YES;
				CLANG_WARN_BLOCK_CAPTURE_AUTORELEASING = YES;
				CLANG_WARN_BOOL_CONVERSION = YES;
				CLANG_WARN_COMMA = YES;
				CLANG_WARN_CONSTANT_CONVERSION = YES;
				CLANG_WARN_DEPRECATED_OBJC_IMPLEMENTATIONS = YES;
				CLANG_WARN_DIRECT_OBJC_ISA_USAGE = YES_ERROR;
				CLANG_WARN_DOCUMENTATION_COMMENTS = YES;
				CLANG_WARN_EMPTY_BODY = YES;
				CLANG_WARN_ENUM_CONVERSION = YES;
				CLANG_WARN_INFINITE_RECURSION = YES;
				CLANG_WARN_INT_CONVERSION = YES;
				CLANG_WARN_NON_LITERAL_NULL_CONVERSION = YES;
				CLANG_WARN_OBJC_IMPLICIT_RETAIN_SELF = YES;
				CLANG_WARN_OBJC_LITERAL_CONVERSION = YES;
				CLANG_WARN_OBJC_ROOT_CLASS = YES_ERROR;
				CLANG_WARN_QUOTED_INCLUDE_IN_FRAMEWORK_HEADER = YES;
				CLANG_WARN_RANGE_LOOP_ANALYSIS = YES;
				CLANG_WARN_STRICT_PROTOTYPES = YES;
				CLANG_WARN_SUSPICIOUS_MOVE = YES;
				CLANG_WARN_UNGUARDED_AVAILABILITY = YES_AGGRESSIVE;
				CLANG_WARN_UNREACHABLE_CODE = YES;
				CLANG_WARN__DUPLICATE_METHOD_MATCH = YES;
				COPY_PHASE_STRIP = NO;
				DEBUG_INFORMATION_FORMAT = "dwarf-with-dsym";
				DEVELOPMENT_TEAM = 4R7WHTN2N8;
				ENABLE_NS_ASSERTIONS = NO;
				ENABLE_STRICT_OBJC_MSGSEND = YES;
				ENABLE_USER_SCRIPT_SANDBOXING = YES;
				GCC_C_LANGUAGE_STANDARD = gnu17;
				GCC_NO_COMMON_BLOCKS = YES;
				GCC_WARN_64_TO_32_BIT_CONVERSION = YES;
				GCC_WARN_ABOUT_RETURN_TYPE = YES_ERROR;
				GCC_WARN_UNDECLARED_SELECTOR = YES;
				GCC_WARN_UNINITIALIZED_AUTOS = YES_AGGRESSIVE;
				GCC_WARN_UNUSED_FUNCTION = YES;
				GCC_WARN_UNUSED_VARIABLE = YES;
				IPHONEOS_DEPLOYMENT_TARGET = 18.4;
				LOCALIZATION_PREFERS_STRING_CATALOGS = YES;
				MTL_ENABLE_DEBUG_INFO = NO;
				MTL_FAST_MATH = YES;
				SDKROOT = iphoneos;
				SWIFT_COMPILATION_MODE = wholemodule;
				VALIDATE_PRODUCT = YES;
			};
			name = Release;
		};
		8E68D7C42DC2E16100A3CF81 /* Debug */ = {
			isa = XCBuildConfiguration;
			buildSettings = {
				ASSETCATALOG_COMPILER_APPICON_NAME = AppIcon;
				ASSETCATALOG_COMPILER_GLOBAL_ACCENT_COLOR_NAME = AccentColor;
				CODE_SIGN_STYLE = Automatic;
				CURRENT_PROJECT_VERSION = 1;
				DEVELOPMENT_TEAM = 4R7WHTN2N8;
				ENABLE_PREVIEWS = YES;
				GENERATE_INFOPLIST_FILE = YES;
				INFOPLIST_KEY_UIApplicationSceneManifest_Generation = YES;
				INFOPLIST_KEY_UIApplicationSupportsIndirectInputEvents = YES;
				INFOPLIST_KEY_UILaunchScreen_Generation = YES;
				INFOPLIST_KEY_UISupportedInterfaceOrientations_iPad = "UIInterfaceOrientationPortrait UIInterfaceOrientationPortraitUpsideDown UIInterfaceOrientationLandscapeLeft UIInterfaceOrientationLandscapeRight";
				INFOPLIST_KEY_UISupportedInterfaceOrientations_iPhone = "UIInterfaceOrientationPortrait UIInterfaceOrientationLandscapeLeft UIInterfaceOrientationLandscapeRight";
				LD_RUNPATH_SEARCH_PATHS = (
					"$(inherited)",
					"@executable_path/Frameworks",
				);
				MARKETING_VERSION = 1.0;
				PRODUCT_BUNDLE_IDENTIFIER = hannesvdc.Cortisol;
				PRODUCT_NAME = "$(TARGET_NAME)";
				SWIFT_EMIT_LOC_STRINGS = YES;
				SWIFT_VERSION = 5.0;
				TARGETED_DEVICE_FAMILY = "1,2";
			};
			name = Debug;
		};
		8E68D7C52DC2E16100A3CF81 /* Release */ = {
			isa = XCBuildConfiguration;
			buildSettings = {
				ASSETCATALOG_COMPILER_APPICON_NAME = AppIcon;
				ASSETCATALOG_COMPILER_GLOBAL_ACCENT_COLOR_NAME = AccentColor;
				CODE_SIGN_STYLE = Automatic;
				CURRENT_PROJECT_VERSION = 1;
				DEVELOPMENT_TEAM = 4R7WHTN2N8;
				ENABLE_PREVIEWS = YES;
				GENERATE_INFOPLIST_FILE = YES;
				INFOPLIST_KEY_UIApplicationSceneManifest_Generation = YES;
				INFOPLIST_KEY_UIApplicationSupportsIndirectInputEvents = YES;
				INFOPLIST_KEY_UILaunchScreen_Generation = YES;
				INFOPLIST_KEY_UISupportedInterfaceOrientations_iPad = "UIInterfaceOrientationPortrait UIInterfaceOrientationPortraitUpsideDown UIInterfaceOrientationLandscapeLeft UIInterfaceOrientationLandscapeRight";
				INFOPLIST_KEY_UISupportedInterfaceOrientations_iPhone = "UIInterfaceOrientationPortrait UIInterfaceOrientationLandscapeLeft UIInterfaceOrientationLandscapeRight";
				LD_RUNPATH_SEARCH_PATHS = (
					"$(inherited)",
					"@executable_path/Frameworks",
				);
				MARKETING_VERSION = 1.0;
				PRODUCT_BUNDLE_IDENTIFIER = hannesvdc.Cortisol;
				PRODUCT_NAME = "$(TARGET_NAME)";
				SWIFT_EMIT_LOC_STRINGS = YES;
				SWIFT_VERSION = 5.0;
				TARGETED_DEVICE_FAMILY = "1,2";
			};
			name = Release;
		};
		8E68D7C72DC2E16100A3CF81 /* Debug */ = {
			isa = XCBuildConfiguration;
			buildSettings = {
				BUNDLE_LOADER = "$(TEST_HOST)";
				CODE_SIGN_STYLE = Automatic;
				CURRENT_PROJECT_VERSION = 1;
				DEVELOPMENT_TEAM = 4R7WHTN2N8;
				GENERATE_INFOPLIST_FILE = YES;
				IPHONEOS_DEPLOYMENT_TARGET = 18.4;
				MARKETING_VERSION = 1.0;
				PRODUCT_BUNDLE_IDENTIFIER = hannesvdc.CortisolTests;
				PRODUCT_NAME = "$(TARGET_NAME)";
				SWIFT_EMIT_LOC_STRINGS = NO;
				SWIFT_VERSION = 5.0;
				TARGETED_DEVICE_FAMILY = "1,2";
				TEST_HOST = "$(BUILT_PRODUCTS_DIR)/Cortisol.app/$(BUNDLE_EXECUTABLE_FOLDER_PATH)/Cortisol";
			};
			name = Debug;
		};
		8E68D7C82DC2E16100A3CF81 /* Release */ = {
			isa = XCBuildConfiguration;
			buildSettings = {
				BUNDLE_LOADER = "$(TEST_HOST)";
				CODE_SIGN_STYLE = Automatic;
				CURRENT_PROJECT_VERSION = 1;
				DEVELOPMENT_TEAM = 4R7WHTN2N8;
				GENERATE_INFOPLIST_FILE = YES;
				IPHONEOS_DEPLOYMENT_TARGET = 18.4;
				MARKETING_VERSION = 1.0;
				PRODUCT_BUNDLE_IDENTIFIER = hannesvdc.CortisolTests;
				PRODUCT_NAME = "$(TARGET_NAME)";
				SWIFT_EMIT_LOC_STRINGS = NO;
				SWIFT_VERSION = 5.0;
				TARGETED_DEVICE_FAMILY = "1,2";
				TEST_HOST = "$(BUILT_PRODUCTS_DIR)/Cortisol.app/$(BUNDLE_EXECUTABLE_FOLDER_PATH)/Cortisol";
			};
			name = Release;
		};
		8E68D7CA2DC2E16100A3CF81 /* Debug */ = {
			isa = XCBuildConfiguration;
			buildSettings = {
				CODE_SIGN_STYLE = Automatic;
				CURRENT_PROJECT_VERSION = 1;
				DEVELOPMENT_TEAM = 4R7WHTN2N8;
				GENERATE_INFOPLIST_FILE = YES;
				MARKETING_VERSION = 1.0;
				PRODUCT_BUNDLE_IDENTIFIER = hannesvdc.CortisolUITests;
				PRODUCT_NAME = "$(TARGET_NAME)";
				SWIFT_EMIT_LOC_STRINGS = NO;
				SWIFT_VERSION = 5.0;
				TARGETED_DEVICE_FAMILY = "1,2";
				TEST_TARGET_NAME = Cortisol;
			};
			name = Debug;
		};
		8E68D7CB2DC2E16100A3CF81 /* Release */ = {
			isa = XCBuildConfiguration;
			buildSettings = {
				CODE_SIGN_STYLE = Automatic;
				CURRENT_PROJECT_VERSION = 1;
				DEVELOPMENT_TEAM = 4R7WHTN2N8;
				GENERATE_INFOPLIST_FILE = YES;
				MARKETING_VERSION = 1.0;
				PRODUCT_BUNDLE_IDENTIFIER = hannesvdc.CortisolUITests;
				PRODUCT_NAME = "$(TARGET_NAME)";
				SWIFT_EMIT_LOC_STRINGS = NO;
				SWIFT_VERSION = 5.0;
				TARGETED_DEVICE_FAMILY = "1,2";
				TEST_TARGET_NAME = Cortisol;
			};
			name = Release;
		};
/* End XCBuildConfiguration section */

/* Begin XCConfigurationList section */
		8E68D79D2DC2E16000A3CF81 /* Build configuration list for PBXProject "Cortisol" */ = {
			isa = XCConfigurationList;
			buildConfigurations = (
				8E68D7C12DC2E16100A3CF81 /* Debug */,
				8E68D7C22DC2E16100A3CF81 /* Release */,
			);
			defaultConfigurationIsVisible = 0;
			defaultConfigurationName = Release;
		};
		8E68D7C32DC2E16100A3CF81 /* Build configuration list for PBXNativeTarget "Cortisol" */ = {
			isa = XCConfigurationList;
			buildConfigurations = (
				8E68D7C42DC2E16100A3CF81 /* Debug */,
				8E68D7C52DC2E16100A3CF81 /* Release */,
			);
			defaultConfigurationIsVisible = 0;
			defaultConfigurationName = Release;
		};
		8E68D7C62DC2E16100A3CF81 /* Build configuration list for PBXNativeTarget "CortisolTests" */ = {
			isa = XCConfigurationList;
			buildConfigurations = (
				8E68D7C72DC2E16100A3CF81 /* Debug */,
				8E68D7C82DC2E16100A3CF81 /* Release */,
			);
			defaultConfigurationIsVisible = 0;
			defaultConfigurationName = Release;
		};
		8E68D7C92DC2E16100A3CF81 /* Build configuration list for PBXNativeTarget "CortisolUITests" */ = {
			isa = XCConfigurationList;
			buildConfigurations = (
				8E68D7CA2DC2E16100A3CF81 /* Debug */,
				8E68D7CB2DC2E16100A3CF81 /* Release */,
			);
			defaultConfigurationIsVisible = 0;
			defaultConfigurationName = Release;
		};
/* End XCConfigurationList section */
	};
	rootObject = 8E68D79A2DC2E16000A3CF81 /* Project object */;
}
